
Microsoft Visual Studio Solution File, Format Version 12.00
# Visual Studio 15
VisualStudioVersion = 15.0.27428.2005
MinimumVisualStudioVersion = 10.0.40219.1
Project("{FAE04EC0-301F-11D3-BF4B-00C04F79EFBC}") = "SimpleRegistrationApp", "ToucanTechApplication\SimpleRegistrationApp.csproj", "{373CFCC6-B311-41C9-BEE2-3183D46FBB79}"
EndProject
Global
	GlobalSection(SolutionConfigurationPlatforms) = preSolution
		Debug|Any CPU = Debug|Any CPU
		Release|Any CPU = Release|Any CPU
	EndGlobalSection
	GlobalSection(ProjectConfigurationPlatforms) = postSolution
		{373CFCC6-B311-41C9-BEE2-3183D46FBB79}.Debug|Any CPU.ActiveCfg = Debug|Any CPU
		{373CFCC6-B311-41C9-BEE2-3183D46FBB79}.Debug|Any CPU.Build.0 = Debug|Any CPU
		{373CFCC6-B311-41C9-BEE2-3183D46FBB79}.Release|Any CPU.ActiveCfg = Release|Any CPU
		{373CFCC6-B311-41C9-BEE2-3183D46FBB79}.Release|Any CPU.Build.0 = Release|Any CPU
	EndGlobalSection
	GlobalSection(SolutionProperties) = preSolution
		HideSolutionNode = FALSE
	EndGlobalSection
	GlobalSection(ExtensibilityGlobals) = postSolution
		SolutionGuid = {DA5F39DB-460E-42FC-9A02-41330856B497}
	EndGlobalSection
EndGlobal
